{
  "name": "panel_new",
  "version": "1.0.0",
  "lockfileVersion": 1,
  "requires": true,
  "dependencies": {
    "jquery": {
      "version": "3.4.1",
      "resolved": "https://registry.npmjs.org/jquery/-/jquery-3.4.1.tgz",
      "integrity": "sha512-36+AdBzCL+y6qjw5Tx7HgzeGCzC81MDDgaUP8ld2zhx58HdqXGoBd+tHdrBMiyjGQs0Hxs/MLZTu/eHNJJuWPw=="
    },
    "jquery-resizable-dom": {
      "version": "0.35.0",
      "resolved": "https://registry.npmjs.org/jquery-resizable-dom/-/jquery-resizable-dom-0.35.0.tgz",
      "integrity": "sha512-AbZsJ+aKJnoIYNT4dPy9om72L/j/z3hBCAHz9yO2Ifn60tAkEti3KJ4Exb98OV3P9R4Mst4E1YEFKzHrDPy/Nw==",
      "requires": {
        "jquery": "^3.4.0"
      }
    },
    "tablednd": {
      "version": "1.0.3",
      "resolved": "https://registry.npmjs.org/tablednd/-/tablednd-1.0.3.tgz",
      "integrity": "sha1-DGmSvH/j7F6IA0RoRHnJ35DARCs="
    },
    "trumbowyg": {
      "version": "2.20.0",
      "resolved": "https://registry.npmjs.org/trumbowyg/-/trumbowyg-2.20.0.tgz",
      "integrity": "sha512-XdGZtc2eVF7LsMjb/Ilcgqj4ClkPlXz79mxbaQGvBttGodj36JF+HggHGgqtTAcqVXHx0viz9lYPf14zz1rRaA=="
    }
  }
}
